{
	"name": "sos-box",
	"version": "0.0.0",
	"lockfileVersion": 3,
	"requires": true,
	"packages": {
		"": {
			"name": "sos-box",
			"version": "0.0.0",
			"devDependencies": {
				"@cloudflare/workers-types": "^4.20260203.0"
			}
		},
		"node_modules/@cloudflare/workers-types": {
			"version": "4.20260203.0",
			"resolved": "https://registry.npmjs.org/@cloudflare/workers-types/-/workers-types-4.20260203.0.tgz",
			"integrity": "sha512-XD2uglpGbVppjXXLuAdalKkcTi/i4TyQSx0w/ijJbvrR1Cfm7zNkxtvFBNy3tBNxZOiFIJtw5bszifQB1eow6A==",
			"dev": true,
			"license": "MIT OR Apache-2.0"
		}
	}
}
